
Microsoft Visual Studio Solution File, Format Version 12.00
# Visual Studio Version 17
VisualStudioVersion = 17.5.002.0
MinimumVisualStudioVersion = 10.0.40219.1
Project("{9A19103F-16F7-4668-BE54-9A1E7A4F7556}") = "FlatPhysics", "FlatPhysics.csproj", "{D64A836D-9F99-4336-81F4-6CED0E789DDC}"
EndProject
Global
	GlobalSection(SolutionConfigurationPlatforms) = preSolution
		Debug|Any CPU = Debug|Any CPU
		Release|Any CPU = Release|Any CPU
	EndGlobalSection
	GlobalSection(ProjectConfigurationPlatforms) = postSolution
		{D64A836D-9F99-4336-81F4-6CED0E789DDC}.Debug|Any CPU.ActiveCfg = Debug|Any CPU
		{D64A836D-9F99-4336-81F4-6CED0E789DDC}.Debug|Any CPU.Build.0 = Debug|Any CPU
		{D64A836D-9F99-4336-81F4-6CED0E789DDC}.Release|Any CPU.ActiveCfg = Release|Any CPU
		{D64A836D-9F99-4336-81F4-6CED0E789DDC}.Release|Any CPU.Build.0 = Release|Any CPU
	EndGlobalSection
	GlobalSection(SolutionProperties) = preSolution
		HideSolutionNode = FALSE
	EndGlobalSection
	GlobalSection(ExtensibilityGlobals) = postSolution
		SolutionGuid = {3F5D9807-384B-41B7-BEF9-9672C4AE4B75}
	EndGlobalSection
EndGlobal
